Microsoft Visual Studio Solution File, Format Version 11.00
# Visual Studio 2008

Project("{F182A710-0A49-C95F-107C-0AA57C9B5748}") = "Morpheus", "Assembly-CSharp.csproj", "{FF604A35-D05E-5AD6-0F54-46A164367F63}"
EndProject
Global
	GlobalSection(SolutionConfigurationPlatforms) = preSolution
		Debug|Any CPU = Debug|Any CPU
		Release|Any CPU = Release|Any CPU
	EndGlobalSection
	GlobalSection(ProjectConfigurationPlatforms) = postSolution
		{FF604A35-D05E-5AD6-0F54-46A164367F63}.Debug|Any CPU.ActiveCfg = Debug|Any CPU
		{FF604A35-D05E-5AD6-0F54-46A164367F63}.Debug|Any CPU.Build.0 = Debug|Any CPU
		{FF604A35-D05E-5AD6-0F54-46A164367F63}.Release|Any CPU.ActiveCfg = Release|Any CPU
		{FF604A35-D05E-5AD6-0F54-46A164367F63}.Release|Any CPU.Build.0 = Release|Any CPU
	EndGlobalSection
	GlobalSection(SolutionProperties) = preSolution
		HideSolutionNode = FALSE
	EndGlobalSection
	GlobalSection(MonoDevelopProperties) = preSolution
		StartupItem = Assembly-CSharp.csproj
	EndGlobalSection
EndGlobal
